{
  "name": "einzelauftrag",
  "lockfileVersion": 3,
  "requires": true,
  "packages": {
    "": {
      "devDependencies": {
        "@types/node": "^25.0.3",
        "tailwindcss-animate": "^1.0.7"
      }
    },
    "node_modules/@types/node": {
      "version": "25.0.3",
      "resolved": "https://bin.swisscom.com/artifactory/api/npm/swisscom-npm-virtual/@types/node/-/node-25.0.3.tgz",
      "integrity": "sha512-W609buLVRVmeW693xKfzHeIV6nJGGz98uCPfeXI1ELMLXVeKYZ9m15fAMSaUPBHYLGFsVRcMmSCksQOrZV9BYA==",
      "dev": true,
      "license": "MIT",
      "dependencies": {
        "undici-types": "~7.16.0"
      }
    },
    "node_modules/tailwindcss": {
      "version": "4.1.18",
      "resolved": "https://bin.swisscom.com/artifactory/api/npm/swisscom-npm-virtual/tailwindcss/-/tailwindcss-4.1.18.tgz",
      "integrity": "sha512-4+Z+0yiYyEtUVCScyfHCxOYP06L5Ne+JiHhY2IjR2KWMIWhJOYZKLSGZaP5HkZ8+bY0cxfzwDE5uOmzFXyIwxw==",
      "dev": true,
      "license": "MIT",
      "peer": true
    },
    "node_modules/tailwindcss-animate": {
      "version": "1.0.7",
      "resolved": "https://bin.swisscom.com/artifactory/api/npm/swisscom-npm-virtual/tailwindcss-animate/-/tailwindcss-animate-1.0.7.tgz",
      "integrity": "sha512-bl6mpH3T7I3UFxuvDEXLxy/VuFxBk5bbzplh7tXI68mwMokNYd1t9qPBHlnyTwfa4JGC4zP516I1hYYtQ/vspA==",
      "dev": true,
      "license": "MIT",
      "peerDependencies": {
        "tailwindcss": ">=3.0.0 || insiders"
      }
    },
    "node_modules/undici-types": {
      "version": "7.16.0",
      "resolved": "https://bin.swisscom.com/artifactory/api/npm/swisscom-npm-virtual/undici-types/-/undici-types-7.16.0.tgz",
      "integrity": "sha512-Zz+aZWSj8LE6zoxD+xrjh4VfkIG8Ya6LvYkZqtUQGJPZjYl53ypCaUwWqo7eI0x66KBGeRo+mlBEkMSeSZ38Nw==",
      "dev": true,
      "license": "MIT"
    }
  }
}
